
Microsoft Visual Studio Solution File, Format Version 12.00
# Visual Studio Version 17
VisualStudioVersion = 17.0.31903.59
MinimumVisualStudioVersion = 10.0.40219.1
Project("{9A19103F-16F7-4668-BE54-9A1E7A4F7556}") = "Yinyang.Utilities", "Yinyang.Utilities\Yinyang.Utilities.csproj", "{ED59A508-E45D-47CE-8D96-CDDB880049BA}"
EndProject
Project("{2150E333-8FDC-42A3-9474-1A3956D46DE8}") = "Solution Items", "Solution Items", "{9858658B-98CE-4031-A54A-B35FE0DAFF4D}"
	ProjectSection(SolutionItems) = preProject
		.editorconfig = .editorconfig
		.github\workflows\dotnet.yml = .github\workflows\dotnet.yml
		LICENSE.md = LICENSE.md
		README.md = README.md
		release-notes.md = release-notes.md
	EndProjectSection
EndProject
Project("{9A19103F-16F7-4668-BE54-9A1E7A4F7556}") = "Yinyang.Utilities.Samples", "Yinyang.Utilities.Samples\Yinyang.Utilities.Samples.csproj", "{D112FB67-9B43-4C5B-9B84-247B1197A238}"
EndProject
Project("{9A19103F-16F7-4668-BE54-9A1E7A4F7556}") = "Yinyang.Utilities.Test", "Yinyang.Utilities.Test\Yinyang.Utilities.Test.csproj", "{E5BBCE6C-959E-4C16-A14E-A0FA972DCB9B}"
EndProject
Global
	GlobalSection(SolutionConfigurationPlatforms) = preSolution
		Debug|Any CPU = Debug|Any CPU
		Release|Any CPU = Release|Any CPU
	EndGlobalSection
	GlobalSection(ProjectConfigurationPlatforms) = postSolution
		{ED59A508-E45D-47CE-8D96-CDDB880049BA}.Debug|Any CPU.ActiveCfg = Debug|Any CPU
		{ED59A508-E45D-47CE-8D96-CDDB880049BA}.Debug|Any CPU.Build.0 = Debug|Any CPU
		{ED59A508-E45D-47CE-8D96-CDDB880049BA}.Release|Any CPU.ActiveCfg = Release|Any CPU
		{ED59A508-E45D-47CE-8D96-CDDB880049BA}.Release|Any CPU.Build.0 = Release|Any CPU
		{D112FB67-9B43-4C5B-9B84-247B1197A238}.Debug|Any CPU.ActiveCfg = Debug|Any CPU
		{D112FB67-9B43-4C5B-9B84-247B1197A238}.Debug|Any CPU.Build.0 = Debug|Any CPU
		{D112FB67-9B43-4C5B-9B84-247B1197A238}.Release|Any CPU.ActiveCfg = Release|Any CPU
		{D112FB67-9B43-4C5B-9B84-247B1197A238}.Release|Any CPU.Build.0 = Release|Any CPU
		{E5BBCE6C-959E-4C16-A14E-A0FA972DCB9B}.Debug|Any CPU.ActiveCfg = Debug|Any CPU
		{E5BBCE6C-959E-4C16-A14E-A0FA972DCB9B}.Debug|Any CPU.Build.0 = Debug|Any CPU
		{E5BBCE6C-959E-4C16-A14E-A0FA972DCB9B}.Release|Any CPU.ActiveCfg = Release|Any CPU
		{E5BBCE6C-959E-4C16-A14E-A0FA972DCB9B}.Release|Any CPU.Build.0 = Release|Any CPU
	EndGlobalSection
	GlobalSection(SolutionProperties) = preSolution
		HideSolutionNode = FALSE
	EndGlobalSection
	GlobalSection(ExtensibilityGlobals) = postSolution
		SolutionGuid = {4CAD5FD1-B065-480D-B0F3-FAE104C91109}
	EndGlobalSection
EndGlobal
